{
  "version": 4,
  "terraform_version": "1.0.0",
  "serial": 22,
  "lineage": "7effd95f-dcf0-a16f-10d2-00f34c59cee8",
  "outputs": {
    "service_url": {
      "value": "https://app-754tkxwcbq-uc.a.run.app",
      "type": "string"
    }
  },
  "resources": [
    {
      "mode": "managed",
      "type": "google_cloud_run_service",
      "name": "run_service",
      "provider": "provider[\"registry.terraform.io/hashicorp/google\"]",
      "instances": [
        {
          "schema_version": 1,
          "attributes": {
            "autogenerate_revision_name": false,
            "id": "locations/us-central1/namespaces/cloudrun-bumpbot9000/services/app",
            "location": "us-central1",
            "metadata": [
              {
                "annotations": {
                  "client.knative.dev/user-image": "eu.gcr.io/cloudrun-bumpbot9000/helloworld:latest",
                  "run.googleapis.com/client-name": "gcloud",
                  "run.googleapis.com/client-version": "290.0.1",
                  "run.googleapis.com/ingress": "all",
                  "run.googleapis.com/ingress-status": "all",
                  "serving.knative.dev/creator": "svc-account1@cloudrun-bumpbot9000.iam.gserviceaccount.com",
                  "serving.knative.dev/lastModifier": "svc-account-deploy@cloudrun-bumpbot9000.iam.gserviceaccount.com"
                },
                "generation": 5,
                "labels": {
                  "cloud.googleapis.com/location": "us-central1"
                },
                "namespace": "cloudrun-bumpbot9000",
                "resource_version": "AAXFHWWJQCs",
                "self_link": "/apis/serving.knative.dev/v1/namespaces/364770527454/services/app",
                "uid": "f63f0ac9-0975-4cbe-b190-f4d01e11503e"
              }
            ],
            "name": "app",
            "project": "cloudrun-bumpbot9000",
            "status": [
              {
                "conditions": [
                  {
                    "message": "",
                    "reason": "",
                    "status": "True",
                    "type": "Ready"
                  },
                  {
                    "message": "",
                    "reason": "",
                    "status": "True",
                    "type": "ConfigurationsReady"
                  },
                  {
                    "message": "",
                    "reason": "",
                    "status": "True",
                    "type": "RoutesReady"
                  }
                ],
                "latest_created_revision_name": "app-00005-yaj",
                "latest_ready_revision_name": "app-00005-yaj",
                "observed_generation": 5,
                "url": "https://app-754tkxwcbq-uc.a.run.app"
              }
            ],
            "template": [
              {
                "metadata": [
                  {
                    "annotations": {
                      "autoscaling.knative.dev/maxScale": "100",
                      "client.knative.dev/user-image": "eu.gcr.io/cloudrun-bumpbot9000/helloworld:latest",
                      "run.googleapis.com/client-name": "gcloud",
                      "run.googleapis.com/client-version": "290.0.1",
                      "run.googleapis.com/sandbox": "gvisor"
                    },
                    "generation": 0,
                    "labels": {},
                    "name": "app-00005-yaj",
                    "namespace": "",
                    "resource_version": "",
                    "self_link": "",
                    "uid": ""
                  }
                ],
                "spec": [
                  {
                    "container_concurrency": 80,
                    "containers": [
                      {
                        "args": [],
                        "command": [],
                        "env": [],
                        "env_from": [],
                        "image": "eu.gcr.io/cloudrun-bumpbot9000/helloworld:latest",
                        "ports": [
                          {
                            "container_port": 8080,
                            "name": "http1",
                            "protocol": ""
                          }
                        ],
                        "resources": [
                          {
                            "limits": {
                              "cpu": "1000m",
                              "memory": "512Mi"
                            },
                            "requests": {}
                          }
                        ],
                        "working_dir": ""
                      }
                    ],
                    "service_account_name": "",
                    "serving_state": "",
                    "timeout_seconds": 300
                  }
                ]
              }
            ],
            "timeouts": null,
            "traffic": [
              {
                "latest_revision": true,
                "percent": 100,
                "revision_name": ""
              }
            ]
          },
          "sensitive_attributes": [],
          "private": "eyJlMmJmYjczMC1lY2FhLTExZTYtOGY4OC0zNDM2M2JjN2M0YzAiOnsiY3JlYXRlIjozNjAwMDAwMDAwMDAsImRlbGV0ZSI6MjQwMDAwMDAwMDAwLCJ1cGRhdGUiOjkwMDAwMDAwMDAwMH0sInNjaGVtYV92ZXJzaW9uIjoiMSJ9",
          "dependencies": [
            "google_project_service.run_api"
          ]
        }
      ]
    },
    {
      "mode": "managed",
      "type": "google_cloud_run_service_iam_member",
      "name": "run_all_users",
      "provider": "provider[\"registry.terraform.io/hashicorp/google\"]",
      "instances": [
        {
          "schema_version": 0,
          "attributes": {
            "condition": [],
            "etag": "BwXFG3Xc9MI=",
            "id": "v1/projects/cloudrun-bumpbot9000/locations/us-central1/services/app/roles/run.invoker/allUsers",
            "location": "us-central1",
            "member": "allUsers",
            "project": "cloudrun-bumpbot9000",
            "role": "roles/run.invoker",
            "service": "v1/projects/cloudrun-bumpbot9000/locations/us-central1/services/app"
          },
          "sensitive_attributes": [],
          "private": "bnVsbA==",
          "dependencies": [
            "google_project_service.run_api",
            "google_cloud_run_service.run_service"
          ]
        }
      ]
    },
    {
      "mode": "managed",
      "type": "google_container_registry",
      "name": "registry",
      "provider": "provider[\"registry.terraform.io/hashicorp/google\"]",
      "instances": [
        {
          "schema_version": 0,
          "attributes": {
            "bucket_self_link": "https://www.googleapis.com/storage/v1/b/eu.artifacts.cloudrun-bumpbot9000.appspot.com",
            "id": "eu.artifacts.cloudrun-bumpbot9000.appspot.com",
            "location": "EU",
            "project": "cloudrun-bumpbot9000"
          },
          "sensitive_attributes": [],
          "private": "bnVsbA=="
        }
      ]
    },
    {
      "mode": "managed",
      "type": "google_project_service",
      "name": "cloubuild_api",
      "provider": "provider[\"registry.terraform.io/hashicorp/google\"]",
      "instances": [
        {
          "schema_version": 0,
          "attributes": {
            "disable_dependent_services": null,
            "disable_on_destroy": true,
            "id": "cloudrun-bumpbot9000/cloudbuild.googleapis.com",
            "project": "cloudrun-bumpbot9000",
            "service": "cloudbuild.googleapis.com",
            "timeouts": null
          },
          "sensitive_attributes": [],
          "private": "eyJlMmJmYjczMC1lY2FhLTExZTYtOGY4OC0zNDM2M2JjN2M0YzAiOnsiY3JlYXRlIjoxMjAwMDAwMDAwMDAwLCJkZWxldGUiOjEyMDAwMDAwMDAwMDAsInJlYWQiOjYwMDAwMDAwMDAwMCwidXBkYXRlIjoxMjAwMDAwMDAwMDAwfX0="
        }
      ]
    },
    {
      "mode": "managed",
      "type": "google_project_service",
      "name": "run_api",
      "provider": "provider[\"registry.terraform.io/hashicorp/google\"]",
      "instances": [
        {
          "schema_version": 0,
          "attributes": {
            "disable_dependent_services": null,
            "disable_on_destroy": true,
            "id": "cloudrun-bumpbot9000/run.googleapis.com",
            "project": "cloudrun-bumpbot9000",
            "service": "run.googleapis.com",
            "timeouts": null
          },
          "sensitive_attributes": [],
          "private": "eyJlMmJmYjczMC1lY2FhLTExZTYtOGY4OC0zNDM2M2JjN2M0YzAiOnsiY3JlYXRlIjoxMjAwMDAwMDAwMDAwLCJkZWxldGUiOjEyMDAwMDAwMDAwMDAsInJlYWQiOjYwMDAwMDAwMDAwMCwidXBkYXRlIjoxMjAwMDAwMDAwMDAwfX0="
        }
      ]
    }
  ]
}
